
Microsoft Visual Studio Solution File, Format Version 12.00
# Visual Studio Version 16
VisualStudioVersion = 16.0.30011.22
MinimumVisualStudioVersion = 10.0.40219.1
Project("{FAE04EC0-301F-11D3-BF4B-00C04F79EFBC}") = "WebCrud", "WebT2C\WebCrud.csproj", "{3D83C100-A963-4DB8-9C25-C27867690CAD}"
EndProject
Global
	GlobalSection(SolutionConfigurationPlatforms) = preSolution
		Debug|Any CPU = Debug|Any CPU
		Release|Any CPU = Release|Any CPU
	EndGlobalSection
	GlobalSection(ProjectConfigurationPlatforms) = postSolution
		{3D83C100-A963-4DB8-9C25-C27867690CAD}.Debug|Any CPU.ActiveCfg = Debug|Any CPU
		{3D83C100-A963-4DB8-9C25-C27867690CAD}.Debug|Any CPU.Build.0 = Debug|Any CPU
		{3D83C100-A963-4DB8-9C25-C27867690CAD}.Release|Any CPU.ActiveCfg = Release|Any CPU
		{3D83C100-A963-4DB8-9C25-C27867690CAD}.Release|Any CPU.Build.0 = Release|Any CPU
	EndGlobalSection
	GlobalSection(SolutionProperties) = preSolution
		HideSolutionNode = FALSE
	EndGlobalSection
	GlobalSection(ExtensibilityGlobals) = postSolution
		SolutionGuid = {6CD16C4C-7044-44A3-BCB6-81C761ECA9B6}
	EndGlobalSection
EndGlobal
